
Microsoft Visual Studio Solution File, Format Version 12.00
# Visual Studio Version 16
VisualStudioVersion = 16.0.29215.179
MinimumVisualStudioVersion = 15.0.26124.0
Project("{2150E333-8FDC-42A3-9474-1A3956D46DE8}") = "src", "src", "{55DAD50B-B6D5-4940-BD85-AD499A97CE37}"
EndProject
Project("{2150E333-8FDC-42A3-9474-1A3956D46DE8}") = "Services", "Services", "{439A17E7-D591-4CAC-A557-AED3459AD51A}"
EndProject
Project("{2150E333-8FDC-42A3-9474-1A3956D46DE8}") = "Identity", "Identity", "{64B39A82-9773-49CE-B9C8-883796C4AE81}"
EndProject
Project("{2150E333-8FDC-42A3-9474-1A3956D46DE8}") = "Produto", "Produto", "{435931F1-7D46-4A97-B714-0A0BC52019FC}"
EndProject
Project("{2150E333-8FDC-42A3-9474-1A3956D46DE8}") = "Apps", "Apps", "{099E34CF-9489-4D51-85F9-D2F660CA7D99}"
EndProject
Project("{9A19103F-16F7-4668-BE54-9A1E7A4F7556}") = "eHQ.Identity.Api", "src\Identity\ecoShirts.Identity.Api\eHQ.Identity.Api.csproj", "{C575C7FD-9CE2-47A7-99A2-41FF8D9C767D}"
EndProject
Project("{9A19103F-16F7-4668-BE54-9A1E7A4F7556}") = "eHQ.Produto.Api", "src\Produto\eHQ.Produto.Api\eHQ.Produto.Api.csproj", "{53828B27-565F-47D2-A494-40C912FDDA68}"
EndProject
Project("{2150E333-8FDC-42A3-9474-1A3956D46DE8}") = "Estoque", "Estoque", "{94B6CD64-53DF-4DD0-807A-203A3D00C8C6}"
EndProject
Project("{9A19103F-16F7-4668-BE54-9A1E7A4F7556}") = "eHQ.Estoque.Api", "eHQ.Estoque.Api\eHQ.Estoque.Api.csproj", "{D0D4178E-65F9-4CB8-8DDD-9A7A662EC1CE}"
EndProject
Project("{2150E333-8FDC-42A3-9474-1A3956D46DE8}") = "EventBus", "EventBus", "{94576D40-8596-41A5-9C8F-2D09189FC56E}"
EndProject
Project("{9A19103F-16F7-4668-BE54-9A1E7A4F7556}") = "eHQ.EventBus", "eHQ.EventBus\eHQ.EventBus.csproj", "{3CF5EDF3-CDBA-41D2-AA69-0F343064421A}"
EndProject
Project("{FAE04EC0-301F-11D3-BF4B-00C04F79EFBC}") = "eHQ.IntegrationEventLog", "src\EventBus\eHQ.IntegrationEventLog\eHQ.IntegrationEventLog.csproj", "{8C1995F3-AD85-4E34-9CFD-3D3D90538FD3}"
EndProject
Global
	GlobalSection(SolutionConfigurationPlatforms) = preSolution
		Debug|Any CPU = Debug|Any CPU
		Release|Any CPU = Release|Any CPU
	EndGlobalSection
	GlobalSection(ProjectConfigurationPlatforms) = postSolution
		{C575C7FD-9CE2-47A7-99A2-41FF8D9C767D}.Debug|Any CPU.ActiveCfg = Debug|Any CPU
		{C575C7FD-9CE2-47A7-99A2-41FF8D9C767D}.Debug|Any CPU.Build.0 = Debug|Any CPU
		{C575C7FD-9CE2-47A7-99A2-41FF8D9C767D}.Release|Any CPU.ActiveCfg = Release|Any CPU
		{C575C7FD-9CE2-47A7-99A2-41FF8D9C767D}.Release|Any CPU.Build.0 = Release|Any CPU
		{53828B27-565F-47D2-A494-40C912FDDA68}.Debug|Any CPU.ActiveCfg = Debug|Any CPU
		{53828B27-565F-47D2-A494-40C912FDDA68}.Debug|Any CPU.Build.0 = Debug|Any CPU
		{53828B27-565F-47D2-A494-40C912FDDA68}.Release|Any CPU.ActiveCfg = Release|Any CPU
		{53828B27-565F-47D2-A494-40C912FDDA68}.Release|Any CPU.Build.0 = Release|Any CPU
		{D0D4178E-65F9-4CB8-8DDD-9A7A662EC1CE}.Debug|Any CPU.ActiveCfg = Debug|Any CPU
		{D0D4178E-65F9-4CB8-8DDD-9A7A662EC1CE}.Debug|Any CPU.Build.0 = Debug|Any CPU
		{D0D4178E-65F9-4CB8-8DDD-9A7A662EC1CE}.Release|Any CPU.ActiveCfg = Release|Any CPU
		{D0D4178E-65F9-4CB8-8DDD-9A7A662EC1CE}.Release|Any CPU.Build.0 = Release|Any CPU
		{3CF5EDF3-CDBA-41D2-AA69-0F343064421A}.Debug|Any CPU.ActiveCfg = Debug|Any CPU
		{3CF5EDF3-CDBA-41D2-AA69-0F343064421A}.Debug|Any CPU.Build.0 = Debug|Any CPU
		{3CF5EDF3-CDBA-41D2-AA69-0F343064421A}.Release|Any CPU.ActiveCfg = Release|Any CPU
		{3CF5EDF3-CDBA-41D2-AA69-0F343064421A}.Release|Any CPU.Build.0 = Release|Any CPU
		{8C1995F3-AD85-4E34-9CFD-3D3D90538FD3}.Debug|Any CPU.ActiveCfg = Debug|Any CPU
		{8C1995F3-AD85-4E34-9CFD-3D3D90538FD3}.Debug|Any CPU.Build.0 = Debug|Any CPU
		{8C1995F3-AD85-4E34-9CFD-3D3D90538FD3}.Release|Any CPU.ActiveCfg = Release|Any CPU
		{8C1995F3-AD85-4E34-9CFD-3D3D90538FD3}.Release|Any CPU.Build.0 = Release|Any CPU
	EndGlobalSection
	GlobalSection(SolutionProperties) = preSolution
		HideSolutionNode = FALSE
	EndGlobalSection
	GlobalSection(NestedProjects) = preSolution
		{439A17E7-D591-4CAC-A557-AED3459AD51A} = {55DAD50B-B6D5-4940-BD85-AD499A97CE37}
		{64B39A82-9773-49CE-B9C8-883796C4AE81} = {439A17E7-D591-4CAC-A557-AED3459AD51A}
		{435931F1-7D46-4A97-B714-0A0BC52019FC} = {439A17E7-D591-4CAC-A557-AED3459AD51A}
		{099E34CF-9489-4D51-85F9-D2F660CA7D99} = {55DAD50B-B6D5-4940-BD85-AD499A97CE37}
		{C575C7FD-9CE2-47A7-99A2-41FF8D9C767D} = {64B39A82-9773-49CE-B9C8-883796C4AE81}
		{53828B27-565F-47D2-A494-40C912FDDA68} = {435931F1-7D46-4A97-B714-0A0BC52019FC}
		{94B6CD64-53DF-4DD0-807A-203A3D00C8C6} = {439A17E7-D591-4CAC-A557-AED3459AD51A}
		{D0D4178E-65F9-4CB8-8DDD-9A7A662EC1CE} = {94B6CD64-53DF-4DD0-807A-203A3D00C8C6}
		{94576D40-8596-41A5-9C8F-2D09189FC56E} = {55DAD50B-B6D5-4940-BD85-AD499A97CE37}
		{3CF5EDF3-CDBA-41D2-AA69-0F343064421A} = {94576D40-8596-41A5-9C8F-2D09189FC56E}
		{8C1995F3-AD85-4E34-9CFD-3D3D90538FD3} = {94576D40-8596-41A5-9C8F-2D09189FC56E}
	EndGlobalSection
	GlobalSection(ExtensibilityGlobals) = postSolution
		SolutionGuid = {C9ADB74E-F8DD-4D1F-AA7A-35B3381549EE}
	EndGlobalSection
EndGlobal
